
Microsoft Visual Studio Solution File, Format Version 12.00
# Visual Studio 15
VisualStudioVersion = 15.0.28010.2003
MinimumVisualStudioVersion = 10.0.40219.1
Project("{9A19103F-16F7-4668-BE54-9A1E7A4F7556}") = "ApiDemo.Web", "ApiDemo.Web\ApiDemo.Web.csproj", "{FFEE81A1-B00B-4413-A204-6592BB2FA2C5}"
EndProject
Project("{FAE04EC0-301F-11D3-BF4B-00C04F79EFBC}") = "ApiDemo.Data", "ApiDemo.Data\ApiDemo.Data.csproj", "{C8E6A3C0-30F9-40A4-AB5C-E5497B5B44BD}"
EndProject
Global
	GlobalSection(SolutionConfigurationPlatforms) = preSolution
		Debug|Any CPU = Debug|Any CPU
		Release|Any CPU = Release|Any CPU
	EndGlobalSection
	GlobalSection(ProjectConfigurationPlatforms) = postSolution
		{FFEE81A1-B00B-4413-A204-6592BB2FA2C5}.Debug|Any CPU.ActiveCfg = Debug|Any CPU
		{FFEE81A1-B00B-4413-A204-6592BB2FA2C5}.Debug|Any CPU.Build.0 = Debug|Any CPU
		{FFEE81A1-B00B-4413-A204-6592BB2FA2C5}.Release|Any CPU.ActiveCfg = Release|Any CPU
		{FFEE81A1-B00B-4413-A204-6592BB2FA2C5}.Release|Any CPU.Build.0 = Release|Any CPU
		{C8E6A3C0-30F9-40A4-AB5C-E5497B5B44BD}.Debug|Any CPU.ActiveCfg = Debug|Any CPU
		{C8E6A3C0-30F9-40A4-AB5C-E5497B5B44BD}.Debug|Any CPU.Build.0 = Debug|Any CPU
		{C8E6A3C0-30F9-40A4-AB5C-E5497B5B44BD}.Release|Any CPU.ActiveCfg = Release|Any CPU
		{C8E6A3C0-30F9-40A4-AB5C-E5497B5B44BD}.Release|Any CPU.Build.0 = Release|Any CPU
	EndGlobalSection
	GlobalSection(SolutionProperties) = preSolution
		HideSolutionNode = FALSE
	EndGlobalSection
	GlobalSection(ExtensibilityGlobals) = postSolution
		SolutionGuid = {A4F5933A-D36A-495A-9390-F9513D9D3F0B}
	EndGlobalSection
EndGlobal
